
Microsoft Visual Studio Solution File, Format Version 12.00
# Visual Studio Version 17
VisualStudioVersion = 17.8.34309.116
MinimumVisualStudioVersion = 10.0.40219.1
Project("{FAE04EC0-301F-11D3-BF4B-00C04F79EFBC}") = "MongoPOC", "MongoPOC\MongoPOC.csproj", "{FEBF769E-4811-4903-BE54-BA97A25DE874}"
EndProject
Project("{FAE04EC0-301F-11D3-BF4B-00C04F79EFBC}") = "MongoPOC.Test", "MongoPOC.Test\MongoPOC.Test.csproj", "{7A743EC1-AA97-40B3-9D02-7B04945CAB37}"
EndProject
Global
	GlobalSection(SolutionConfigurationPlatforms) = preSolution
		Debug|Any CPU = Debug|Any CPU
		Release|Any CPU = Release|Any CPU
	EndGlobalSection
	GlobalSection(ProjectConfigurationPlatforms) = postSolution
		{FEBF769E-4811-4903-BE54-BA97A25DE874}.Debug|Any CPU.ActiveCfg = Debug|Any CPU
		{FEBF769E-4811-4903-BE54-BA97A25DE874}.Debug|Any CPU.Build.0 = Debug|Any CPU
		{FEBF769E-4811-4903-BE54-BA97A25DE874}.Release|Any CPU.ActiveCfg = Release|Any CPU
		{FEBF769E-4811-4903-BE54-BA97A25DE874}.Release|Any CPU.Build.0 = Release|Any CPU
		{7A743EC1-AA97-40B3-9D02-7B04945CAB37}.Debug|Any CPU.ActiveCfg = Debug|Any CPU
		{7A743EC1-AA97-40B3-9D02-7B04945CAB37}.Debug|Any CPU.Build.0 = Debug|Any CPU
		{7A743EC1-AA97-40B3-9D02-7B04945CAB37}.Release|Any CPU.ActiveCfg = Release|Any CPU
		{7A743EC1-AA97-40B3-9D02-7B04945CAB37}.Release|Any CPU.Build.0 = Release|Any CPU
	EndGlobalSection
	GlobalSection(SolutionProperties) = preSolution
		HideSolutionNode = FALSE
	EndGlobalSection
	GlobalSection(ExtensibilityGlobals) = postSolution
		SolutionGuid = {F78DD10A-2442-43F7-A29F-0F8B469AC961}
	EndGlobalSection
EndGlobal
